// !$*UTF8*$!
{
	archiveVersion = 1;
	classes = {
	};
	objectVersion = 46;
	objects = {

/* Begin PBXBuildFile section */
		8411FC4B14B0494800A1396B /* LocationInfo.m in Sources */ = {isa = PBXBuildFile; fileRef = 8411FC4A14B0494700A1396B /* LocationInfo.m */; };
		843AD08414AB0CDE00CD54CA /* UIKit.framework in Frameworks */ = {isa = PBXBuildFile; fileRef = 843AD08314AB0CDE00CD54CA /* UIKit.framework */; };
		843AD08614AB0CDE00CD54CA /* Foundation.framework in Frameworks */ = {isa = PBXBuildFile; fileRef = 843AD08514AB0CDE00CD54CA /* Foundation.framework */; };
		843AD08814AB0CDE00CD54CA /* CoreGraphics.framework in Frameworks */ = {isa = PBXBuildFile; fileRef = 843AD08714AB0CDE00CD54CA /* CoreGraphics.framework */; };
		843AD08E14AB0CDE00CD54CA /* InfoPlist.strings in Resources */ = {isa = PBXBuildFile; fileRef = 843AD08C14AB0CDE00CD54CA /* InfoPlist.strings */; };
		843AD09014AB0CDE00CD54CA /* main.m in Sources */ = {isa = PBXBuildFile; fileRef = 843AD08F14AB0CDE00CD54CA /* main.m */; };
		843AD09414AB0CDE00CD54CA /* AppDelegate.m in Sources */ = {isa = PBXBuildFile; fileRef = 843AD09314AB0CDE00CD54CA /* AppDelegate.m */; };
		843AD09714AB0CDE00CD54CA /* MasterViewController.m in Sources */ = {isa = PBXBuildFile; fileRef = 843AD09614AB0CDE00CD54CA /* MasterViewController.m */; };
		843AD09A14AB0CDE00CD54CA /* DetailViewController.m in Sources */ = {isa = PBXBuildFile; fileRef = 843AD09914AB0CDE00CD54CA /* DetailViewController.m */; };
		843AD09D14AB0CDE00CD54CA /* MasterViewController_iPhone.xib in Resources */ = {isa = PBXBuildFile; fileRef = 843AD09B14AB0CDE00CD54CA /* MasterViewController_iPhone.xib */; };
		843AD0A014AB0CDE00CD54CA /* MasterViewController_iPad.xib in Resources */ = {isa = PBXBuildFile; fileRef = 843AD09E14AB0CDE00CD54CA /* MasterViewController_iPad.xib */; };
		843AD0A314AB0CDE00CD54CA /* DetailViewController_iPhone.xib in Resources */ = {isa = PBXBuildFile; fileRef = 843AD0A114AB0CDE00CD54CA /* DetailViewController_iPhone.xib */; };
		843AD0A614AB0CDE00CD54CA /* DetailViewController_iPad.xib in Resources */ = {isa = PBXBuildFile; fileRef = 843AD0A414AB0CDE00CD54CA /* DetailViewController_iPad.xib */; };
		843AD0B714AB46B600CD54CA /* CoreLocation.framework in Frameworks */ = {isa = PBXBuildFile; fileRef = 843AD0B614AB46B600CD54CA /* CoreLocation.framework */; };
		843AD19314ADF8D400CD54CA /* MapKit.framework in Frameworks */ = {isa = PBXBuildFile; fileRef = 843AD19214ADF8D400CD54CA /* MapKit.framework */; };
		BFDAB76E14AED753009BDCAC /* abc_blocks.png in Resources */ = {isa = PBXBuildFile; fileRef = BFDAB76B14AED753009BDCAC /* abc_blocks.png */; };
		BFDAB76F14AED753009BDCAC /* apple_ex.png in Resources */ = {isa = PBXBuildFile; fileRef = BFDAB76C14AED753009BDCAC /* apple_ex.png */; };
		BFDAB77014AED753009BDCAC /* pic123.png in Resources */ = {isa = PBXBuildFile; fileRef = BFDAB76D14AED753009BDCAC /* pic123.png */; };
		BFDAB77314AED961009BDCAC /* Annotation.m in Sources */ = {isa = PBXBuildFile; fileRef = BFDAB77214AED961009BDCAC /* Annotation.m */; };
		BFDAB77614AF07B9009BDCAC /* JSONKit.m in Sources */ = {isa = PBXBuildFile; fileRef = BFDAB77514AF07B9009BDCAC /* JSONKit.m */; };
		BFDAB77914AF0DD4009BDCAC /* UrlFetcher.m in Sources */ = {isa = PBXBuildFile; fileRef = BFDAB77814AF0DD4009BDCAC /* UrlFetcher.m */; };
		BFDAB83214AF19E0009BDCAC /* ASIAuthenticationDialog.m in Sources */ = {isa = PBXBuildFile; fileRef = BFDAB81F14AF19E0009BDCAC /* ASIAuthenticationDialog.m */; };
		BFDAB83314AF19E0009BDCAC /* ASIDataCompressor.m in Sources */ = {isa = PBXBuildFile; fileRef = BFDAB82214AF19E0009BDCAC /* ASIDataCompressor.m */; };
		BFDAB83414AF19E0009BDCAC /* ASIDataDecompressor.m in Sources */ = {isa = PBXBuildFile; fileRef = BFDAB82414AF19E0009BDCAC /* ASIDataDecompressor.m */; };
		BFDAB83514AF19E0009BDCAC /* ASIDownloadCache.m in Sources */ = {isa = PBXBuildFile; fileRef = BFDAB82614AF19E0009BDCAC /* ASIDownloadCache.m */; };
		BFDAB83614AF19E0009BDCAC /* ASIFormDataRequest.m in Sources */ = {isa = PBXBuildFile; fileRef = BFDAB82814AF19E0009BDCAC /* ASIFormDataRequest.m */; };
		BFDAB83714AF19E0009BDCAC /* ASIHTTPRequest.m in Sources */ = {isa = PBXBuildFile; fileRef = BFDAB82A14AF19E0009BDCAC /* ASIHTTPRequest.m */; };
		BFDAB83814AF19E0009BDCAC /* ASIInputStream.m in Sources */ = {isa = PBXBuildFile; fileRef = BFDAB82E14AF19E0009BDCAC /* ASIInputStream.m */; };
		BFDAB83914AF19E0009BDCAC /* ASINetworkQueue.m in Sources */ = {isa = PBXBuildFile; fileRef = BFDAB83014AF19E0009BDCAC /* ASINetworkQueue.m */; };
		BFDAB83B14AF19EF009BDCAC /* CFNetwork.framework in Frameworks */ = {isa = PBXBuildFile; fileRef = BFDAB83A14AF19EF009BDCAC /* CFNetwork.framework */; };
		BFDAB84314AF29D0009BDCAC /* MobileCoreServices.framework in Frameworks */ = {isa = PBXBuildFile; fileRef = BFDAB84214AF29D0009BDCAC /* MobileCoreServices.framework */; };
		BFDAB84514AF2A3C009BDCAC /* libxml2.dylib in Frameworks */ = {isa = PBXBuildFile; fileRef = BFDAB84414AF2A3C009BDCAC /* libxml2.dylib */; };
		BFDAB84714AF2B4B009BDCAC /* SystemConfiguration.framework in Frameworks */ = {isa = PBXBuildFile; fileRef = BFDAB84614AF2B4B009BDCAC /* SystemConfiguration.framework */; };
		BFDAB84C14AF655D009BDCAC /* Reachability.m in Sources */ = {isa = PBXBuildFile; fileRef = BFDAB84914AF655D009BDCAC /* Reachability.m */; };
		BFDAB84D14AF655D009BDCAC /* ReachabilityAppDelegate.m in Sources */ = {isa = PBXBuildFile; fileRef = BFDAB84B14AF655D009BDCAC /* ReachabilityAppDelegate.m */; };
/* End PBXBuildFile section */

/* Begin PBXFileReference section */
		8411FC4914B0494700A1396B /* LocationInfo.h */ = {isa = PBXFileReference; fileEncoding = 4; lastKnownFileType = sourcecode.c.h; path = LocationInfo.h; sourceTree = "<group>"; };
		8411FC4A14B0494700A1396B /* LocationInfo.m */ = {isa = PBXFileReference; fileEncoding = 4; lastKnownFileType = sourcecode.c.objc; path = LocationInfo.m; sourceTree = "<group>"; };
		843AD07F14AB0CDE00CD54CA /* UserWeather.app */ = {isa = PBXFileReference; explicitFileType = wrapper.application; includeInIndex = 0; path = UserWeather.app; sourceTree = BUILT_PRODUCTS_DIR; };
		843AD08314AB0CDE00CD54CA /* UIKit.framework */ = {isa = PBXFileReference; lastKnownFileType = wrapper.framework; name = UIKit.framework; path = System/Library/Frameworks/UIKit.framework; sourceTree = SDKROOT; };
		843AD08514AB0CDE00CD54CA /* Foundation.framework */ = {isa = PBXFileReference; lastKnownFileType = wrapper.framework; name = Foundation.framework; path = System/Library/Frameworks/Foundation.framework; sourceTree = SDKROOT; };
		843AD08714AB0CDE00CD54CA /* CoreGraphics.framework */ = {isa = PBXFileReference; lastKnownFileType = wrapper.framework; name = CoreGraphics.framework; path = System/Library/Frameworks/CoreGraphics.framework; sourceTree = SDKROOT; };
		843AD08B14AB0CDE00CD54CA /* WeatherSharing-Info.plist */ = {isa = PBXFileReference; lastKnownFileType = text.plist.xml; path = "WeatherSharing-Info.plist"; sourceTree = "<group>"; };
		843AD08D14AB0CDE00CD54CA /* en */ = {isa = PBXFileReference; lastKnownFileType = text.plist.strings; name = en; path = en.lproj/InfoPlist.strings; sourceTree = "<group>"; };
		843AD08F14AB0CDE00CD54CA /* main.m */ = {isa = PBXFileReference; lastKnownFileType = sourcecode.c.objc; path = main.m; sourceTree = "<group>"; };
		843AD09114AB0CDE00CD54CA /* WeatherSharing-Prefix.pch */ = {isa = PBXFileReference; lastKnownFileType = sourcecode.c.h; path = "WeatherSharing-Prefix.pch"; sourceTree = "<group>"; };
		843AD09214AB0CDE00CD54CA /* AppDelegate.h */ = {isa = PBXFileReference; lastKnownFileType = sourcecode.c.h; path = AppDelegate.h; sourceTree = "<group>"; };
		843AD09314AB0CDE00CD54CA /* AppDelegate.m */ = {isa = PBXFileReference; lastKnownFileType = sourcecode.c.objc; path = AppDelegate.m; sourceTree = "<group>"; };
		843AD09514AB0CDE00CD54CA /* MasterViewController.h */ = {isa = PBXFileReference; lastKnownFileType = sourcecode.c.h; path = MasterViewController.h; sourceTree = "<group>"; };
		843AD09614AB0CDE00CD54CA /* MasterViewController.m */ = {isa = PBXFileReference; lastKnownFileType = sourcecode.c.objc; path = MasterViewController.m; sourceTree = "<group>"; };
		843AD09814AB0CDE00CD54CA /* DetailViewController.h */ = {isa = PBXFileReference; lastKnownFileType = sourcecode.c.h; path = DetailViewController.h; sourceTree = "<group>"; };
		843AD09914AB0CDE00CD54CA /* DetailViewController.m */ = {isa = PBXFileReference; lastKnownFileType = sourcecode.c.objc; path = DetailViewController.m; sourceTree = "<group>"; };
		843AD09C14AB0CDE00CD54CA /* en */ = {isa = PBXFileReference; lastKnownFileType = file.xib; name = en; path = en.lproj/MasterViewController_iPhone.xib; sourceTree = "<group>"; };
		843AD09F14AB0CDE00CD54CA /* en */ = {isa = PBXFileReference; lastKnownFileType = file.xib; name = en; path = en.lproj/MasterViewController_iPad.xib; sourceTree = "<group>"; };
		843AD0A214AB0CDE00CD54CA /* en */ = {isa = PBXFileReference; lastKnownFileType = file.xib; name = en; path = en.lproj/DetailViewController_iPhone.xib; sourceTree = "<group>"; };
		843AD0A514AB0CDE00CD54CA /* en */ = {isa = PBXFileReference; lastKnownFileType = file.xib; name = en; path = en.lproj/DetailViewController_iPad.xib; sourceTree = "<group>"; };
		843AD0B614AB46B600CD54CA /* CoreLocation.framework */ = {isa = PBXFileReference; lastKnownFileType = wrapper.framework; name = CoreLocation.framework; path = System/Library/Frameworks/CoreLocation.framework; sourceTree = SDKROOT; };
		843AD19214ADF8D400CD54CA /* MapKit.framework */ = {isa = PBXFileReference; lastKnownFileType = wrapper.framework; name = MapKit.framework; path = System/Library/Frameworks/MapKit.framework; sourceTree = SDKROOT; };
		BFDAB76B14AED753009BDCAC /* abc_blocks.png */ = {isa = PBXFileReference; lastKnownFileType = image.png; path = abc_blocks.png; sourceTree = "<group>"; };
		BFDAB76C14AED753009BDCAC /* apple_ex.png */ = {isa = PBXFileReference; lastKnownFileType = image.png; path = apple_ex.png; sourceTree = "<group>"; };
		BFDAB76D14AED753009BDCAC /* pic123.png */ = {isa = PBXFileReference; lastKnownFileType = image.png; path = pic123.png; sourceTree = "<group>"; };
		BFDAB77114AED961009BDCAC /* Annotation.h */ = {isa = PBXFileReference; fileEncoding = 4; lastKnownFileType = sourcecode.c.h; path = Annotation.h; sourceTree = "<group>"; };
		BFDAB77214AED961009BDCAC /* Annotation.m */ = {isa = PBXFileReference; fileEncoding = 4; lastKnownFileType = sourcecode.c.objc; path = Annotation.m; sourceTree = "<group>"; };
		BFDAB77414AF07B9009BDCAC /* JSONKit.h */ = {isa = PBXFileReference; fileEncoding = 4; lastKnownFileType = sourcecode.c.h; path = JSONKit.h; sourceTree = "<group>"; };
		BFDAB77514AF07B9009BDCAC /* JSONKit.m */ = {isa = PBXFileReference; fileEncoding = 4; lastKnownFileType = sourcecode.c.objc; path = JSONKit.m; sourceTree = "<group>"; };
		BFDAB77714AF0DD4009BDCAC /* UrlFetcher.h */ = {isa = PBXFileReference; fileEncoding = 4; lastKnownFileType = sourcecode.c.h; path = UrlFetcher.h; sourceTree = "<group>"; };
		BFDAB77814AF0DD4009BDCAC /* UrlFetcher.m */ = {isa = PBXFileReference; fileEncoding = 4; lastKnownFileType = sourcecode.c.objc; path = UrlFetcher.m; sourceTree = "<group>"; };
		BFDAB81E14AF19E0009BDCAC /* ASIAuthenticationDialog.h */ = {isa = PBXFileReference; fileEncoding = 4; lastKnownFileType = sourcecode.c.h; path = ASIAuthenticationDialog.h; sourceTree = "<group>"; };
		BFDAB81F14AF19E0009BDCAC /* ASIAuthenticationDialog.m */ = {isa = PBXFileReference; fileEncoding = 4; lastKnownFileType = sourcecode.c.objc; path = ASIAuthenticationDialog.m; sourceTree = "<group>"; };
		BFDAB82014AF19E0009BDCAC /* ASICacheDelegate.h */ = {isa = PBXFileReference; fileEncoding = 4; lastKnownFileType = sourcecode.c.h; path = ASICacheDelegate.h; sourceTree = "<group>"; };
		BFDAB82114AF19E0009BDCAC /* ASIDataCompressor.h */ = {isa = PBXFileReference; fileEncoding = 4; lastKnownFileType = sourcecode.c.h; path = ASIDataCompressor.h; sourceTree = "<group>"; };
		BFDAB82214AF19E0009BDCAC /* ASIDataCompressor.m */ = {isa = PBXFileReference; fileEncoding = 4; lastKnownFileType = sourcecode.c.objc; path = ASIDataCompressor.m; sourceTree = "<group>"; };
		BFDAB82314AF19E0009BDCAC /* ASIDataDecompressor.h */ = {isa = PBXFileReference; fileEncoding = 4; lastKnownFileType = sourcecode.c.h; path = ASIDataDecompressor.h; sourceTree = "<group>"; };
		BFDAB82414AF19E0009BDCAC /* ASIDataDecompressor.m */ = {isa = PBXFileReference; fileEncoding = 4; lastKnownFileType = sourcecode.c.objc; path = ASIDataDecompressor.m; sourceTree = "<group>"; };
		BFDAB82514AF19E0009BDCAC /* ASIDownloadCache.h */ = {isa = PBXFileReference; fileEncoding = 4; lastKnownFileType = sourcecode.c.h; path = ASIDownloadCache.h; sourceTree = "<group>"; };
		BFDAB82614AF19E0009BDCAC /* ASIDownloadCache.m */ = {isa = PBXFileReference; fileEncoding = 4; lastKnownFileType = sourcecode.c.objc; path = ASIDownloadCache.m; sourceTree = "<group>"; };
		BFDAB82714AF19E0009BDCAC /* ASIFormDataRequest.h */ = {isa = PBXFileReference; fileEncoding = 4; lastKnownFileType = sourcecode.c.h; path = ASIFormDataRequest.h; sourceTree = "<group>"; };
		BFDAB82814AF19E0009BDCAC /* ASIFormDataRequest.m */ = {isa = PBXFileReference; fileEncoding = 4; lastKnownFileType = sourcecode.c.objc; path = ASIFormDataRequest.m; sourceTree = "<group>"; };
		BFDAB82914AF19E0009BDCAC /* ASIHTTPRequest.h */ = {isa = PBXFileReference; fileEncoding = 4; lastKnownFileType = sourcecode.c.h; path = ASIHTTPRequest.h; sourceTree = "<group>"; };
		BFDAB82A14AF19E0009BDCAC /* ASIHTTPRequest.m */ = {isa = PBXFileReference; fileEncoding = 4; lastKnownFileType = sourcecode.c.objc; path = ASIHTTPRequest.m; sourceTree = "<group>"; };
		BFDAB82B14AF19E0009BDCAC /* ASIHTTPRequestConfig.h */ = {isa = PBXFileReference; fileEncoding = 4; lastKnownFileType = sourcecode.c.h; path = ASIHTTPRequestConfig.h; sourceTree = "<group>"; };
		BFDAB82C14AF19E0009BDCAC /* ASIHTTPRequestDelegate.h */ = {isa = PBXFileReference; fileEncoding = 4; lastKnownFileType = sourcecode.c.h; path = ASIHTTPRequestDelegate.h; sourceTree = "<group>"; };
		BFDAB82D14AF19E0009BDCAC /* ASIInputStream.h */ = {isa = PBXFileReference; fileEncoding = 4; lastKnownFileType = sourcecode.c.h; path = ASIInputStream.h; sourceTree = "<group>"; };
		BFDAB82E14AF19E0009BDCAC /* ASIInputStream.m */ = {isa = PBXFileReference; fileEncoding = 4; lastKnownFileType = sourcecode.c.objc; path = ASIInputStream.m; sourceTree = "<group>"; };
		BFDAB82F14AF19E0009BDCAC /* ASINetworkQueue.h */ = {isa = PBXFileReference; fileEncoding = 4; lastKnownFileType = sourcecode.c.h; path = ASINetworkQueue.h; sourceTree = "<group>"; };
		BFDAB83014AF19E0009BDCAC /* ASINetworkQueue.m */ = {isa = PBXFileReference; fileEncoding = 4; lastKnownFileType = sourcecode.c.objc; path = ASINetworkQueue.m; sourceTree = "<group>"; };
		BFDAB83114AF19E0009BDCAC /* ASIProgressDelegate.h */ = {isa = PBXFileReference; fileEncoding = 4; lastKnownFileType = sourcecode.c.h; path = ASIProgressDelegate.h; sourceTree = "<group>"; };
		BFDAB83A14AF19EF009BDCAC /* CFNetwork.framework */ = {isa = PBXFileReference; lastKnownFileType = wrapper.framework; name = CFNetwork.framework; path = System/Library/Frameworks/CFNetwork.framework; sourceTree = SDKROOT; };
		BFDAB84214AF29D0009BDCAC /* MobileCoreServices.framework */ = {isa = PBXFileReference; lastKnownFileType = wrapper.framework; name = MobileCoreServices.framework; path = System/Library/Frameworks/MobileCoreServices.framework; sourceTree = SDKROOT; };
		BFDAB84414AF2A3C009BDCAC /* libxml2.dylib */ = {isa = PBXFileReference; lastKnownFileType = "compiled.mach-o.dylib"; name = libxml2.dylib; path = usr/lib/libxml2.dylib; sourceTree = SDKROOT; };
		BFDAB84614AF2B4B009BDCAC /* SystemConfiguration.framework */ = {isa = PBXFileReference; lastKnownFileType = wrapper.framework; name = SystemConfiguration.framework; path = System/Library/Frameworks/SystemConfiguration.framework; sourceTree = SDKROOT; };
		BFDAB84814AF655D009BDCAC /* Reachability.h */ = {isa = PBXFileReference; fileEncoding = 4; lastKnownFileType = sourcecode.c.h; path = Reachability.h; sourceTree = "<group>"; };
		BFDAB84914AF655D009BDCAC /* Reachability.m */ = {isa = PBXFileReference; fileEncoding = 4; lastKnownFileType = sourcecode.c.objc; path = Reachability.m; sourceTree = "<group>"; };
		BFDAB84A14AF655D009BDCAC /* ReachabilityAppDelegate.h */ = {isa = PBXFileReference; fileEncoding = 4; lastKnownFileType = sourcecode.c.h; path = ReachabilityAppDelegate.h; sourceTree = "<group>"; };
		BFDAB84B14AF655D009BDCAC /* ReachabilityAppDelegate.m */ = {isa = PBXFileReference; fileEncoding = 4; lastKnownFileType = sourcecode.c.objc; path = ReachabilityAppDelegate.m; sourceTree = "<group>"; };
/* End PBXFileReference section */

/* Begin PBXFrameworksBuildPhase section */
		843AD07C14AB0CDE00CD54CA /* Frameworks */ = {
			isa = PBXFrameworksBuildPhase;
			buildActionMask = 2147483647;
			files = (
				BFDAB84714AF2B4B009BDCAC /* SystemConfiguration.framework in Frameworks */,
				BFDAB84514AF2A3C009BDCAC /* libxml2.dylib in Frameworks */,
				BFDAB84314AF29D0009BDCAC /* MobileCoreServices.framework in Frameworks */,
				BFDAB83B14AF19EF009BDCAC /* CFNetwork.framework in Frameworks */,
				843AD08414AB0CDE00CD54CA /* UIKit.framework in Frameworks */,
				843AD08614AB0CDE00CD54CA /* Foundation.framework in Frameworks */,
				843AD08814AB0CDE00CD54CA /* CoreGraphics.framework in Frameworks */,
				843AD0B714AB46B600CD54CA /* CoreLocation.framework in Frameworks */,
				843AD19314ADF8D400CD54CA /* MapKit.framework in Frameworks */,
			);
			runOnlyForDeploymentPostprocessing = 0;
		};
/* End PBXFrameworksBuildPhase section */

/* Begin PBXGroup section */
		843AD07414AB0CDE00CD54CA = {
			isa = PBXGroup;
			children = (
				BFDAB81D14AF19CD009BDCAC /* ASIHTTPRequest */,
				843AD08914AB0CDE00CD54CA /* finaltest2 */,
				BFDAB76914AED753009BDCAC /* resource */,
				843AD08214AB0CDE00CD54CA /* Frameworks */,
				843AD08014AB0CDE00CD54CA /* Products */,
			);
			sourceTree = "<group>";
		};
		843AD08014AB0CDE00CD54CA /* Products */ = {
			isa = PBXGroup;
			children = (
				843AD07F14AB0CDE00CD54CA /* UserWeather.app */,
			);
			name = Products;
			sourceTree = "<group>";
		};
		843AD08214AB0CDE00CD54CA /* Frameworks */ = {
			isa = PBXGroup;
			children = (
				BFDAB84614AF2B4B009BDCAC /* SystemConfiguration.framework */,
				BFDAB84414AF2A3C009BDCAC /* libxml2.dylib */,
				BFDAB84214AF29D0009BDCAC /* MobileCoreServices.framework */,
				BFDAB83A14AF19EF009BDCAC /* CFNetwork.framework */,
				843AD19214ADF8D400CD54CA /* MapKit.framework */,
				843AD0B614AB46B600CD54CA /* CoreLocation.framework */,
				843AD08314AB0CDE00CD54CA /* UIKit.framework */,
				843AD08514AB0CDE00CD54CA /* Foundation.framework */,
				843AD08714AB0CDE00CD54CA /* CoreGraphics.framework */,
			);
			name = Frameworks;
			sourceTree = "<group>";
		};
		843AD08914AB0CDE00CD54CA /* finaltest2 */ = {
			isa = PBXGroup;
			children = (
				843AD09214AB0CDE00CD54CA /* AppDelegate.h */,
				843AD09314AB0CDE00CD54CA /* AppDelegate.m */,
				843AD09514AB0CDE00CD54CA /* MasterViewController.h */,
				843AD09614AB0CDE00CD54CA /* MasterViewController.m */,
				843AD09814AB0CDE00CD54CA /* DetailViewController.h */,
				843AD09914AB0CDE00CD54CA /* DetailViewController.m */,
				BFDAB77714AF0DD4009BDCAC /* UrlFetcher.h */,
				BFDAB77814AF0DD4009BDCAC /* UrlFetcher.m */,
				843AD09B14AB0CDE00CD54CA /* MasterViewController_iPhone.xib */,
				843AD09E14AB0CDE00CD54CA /* MasterViewController_iPad.xib */,
				843AD0A114AB0CDE00CD54CA /* DetailViewController_iPhone.xib */,
				843AD0A414AB0CDE00CD54CA /* DetailViewController_iPad.xib */,
				BFDAB77414AF07B9009BDCAC /* JSONKit.h */,
				BFDAB77514AF07B9009BDCAC /* JSONKit.m */,
				843AD08A14AB0CDE00CD54CA /* Supporting Files */,
				BFDAB77114AED961009BDCAC /* Annotation.h */,
				BFDAB77214AED961009BDCAC /* Annotation.m */,
				8411FC4914B0494700A1396B /* LocationInfo.h */,
				8411FC4A14B0494700A1396B /* LocationInfo.m */,
			);
			path = finaltest2;
			sourceTree = "<group>";
		};
		843AD08A14AB0CDE00CD54CA /* Supporting Files */ = {
			isa = PBXGroup;
			children = (
				843AD08B14AB0CDE00CD54CA /* WeatherSharing-Info.plist */,
				843AD08C14AB0CDE00CD54CA /* InfoPlist.strings */,
				843AD08F14AB0CDE00CD54CA /* main.m */,
				843AD09114AB0CDE00CD54CA /* WeatherSharing-Prefix.pch */,
			);
			name = "Supporting Files";
			sourceTree = "<group>";
		};
		BFDAB76914AED753009BDCAC /* resource */ = {
			isa = PBXGroup;
			children = (
				BFDAB76A14AED753009BDCAC /* temp */,
			);
			name = resource;
			path = finaltest2/resource;
			sourceTree = "<group>";
		};
		BFDAB76A14AED753009BDCAC /* temp */ = {
			isa = PBXGroup;
			children = (
				BFDAB76B14AED753009BDCAC /* abc_blocks.png */,
				BFDAB76C14AED753009BDCAC /* apple_ex.png */,
				BFDAB76D14AED753009BDCAC /* pic123.png */,
			);
			path = temp;
			sourceTree = "<group>";
		};
		BFDAB81D14AF19CD009BDCAC /* ASIHTTPRequest */ = {
			isa = PBXGroup;
			children = (
				BFDAB81E14AF19E0009BDCAC /* ASIAuthenticationDialog.h */,
				BFDAB81F14AF19E0009BDCAC /* ASIAuthenticationDialog.m */,
				BFDAB82014AF19E0009BDCAC /* ASICacheDelegate.h */,
				BFDAB82114AF19E0009BDCAC /* ASIDataCompressor.h */,
				BFDAB82214AF19E0009BDCAC /* ASIDataCompressor.m */,
				BFDAB82314AF19E0009BDCAC /* ASIDataDecompressor.h */,
				BFDAB82414AF19E0009BDCAC /* ASIDataDecompressor.m */,
				BFDAB82514AF19E0009BDCAC /* ASIDownloadCache.h */,
				BFDAB82614AF19E0009BDCAC /* ASIDownloadCache.m */,
				BFDAB82714AF19E0009BDCAC /* ASIFormDataRequest.h */,
				BFDAB82814AF19E0009BDCAC /* ASIFormDataRequest.m */,
				BFDAB82914AF19E0009BDCAC /* ASIHTTPRequest.h */,
				BFDAB82A14AF19E0009BDCAC /* ASIHTTPRequest.m */,
				BFDAB82B14AF19E0009BDCAC /* ASIHTTPRequestConfig.h */,
				BFDAB82C14AF19E0009BDCAC /* ASIHTTPRequestDelegate.h */,
				BFDAB82D14AF19E0009BDCAC /* ASIInputStream.h */,
				BFDAB82E14AF19E0009BDCAC /* ASIInputStream.m */,
				BFDAB82F14AF19E0009BDCAC /* ASINetworkQueue.h */,
				BFDAB83014AF19E0009BDCAC /* ASINetworkQueue.m */,
				BFDAB83114AF19E0009BDCAC /* ASIProgressDelegate.h */,
				BFDAB84814AF655D009BDCAC /* Reachability.h */,
				BFDAB84914AF655D009BDCAC /* Reachability.m */,
				BFDAB84A14AF655D009BDCAC /* ReachabilityAppDelegate.h */,
				BFDAB84B14AF655D009BDCAC /* ReachabilityAppDelegate.m */,
			);
			name = ASIHTTPRequest;
			sourceTree = "<group>";
		};
/* End PBXGroup section */

/* Begin PBXNativeTarget section */
		843AD07E14AB0CDE00CD54CA /* WeatherSharing */ = {
			isa = PBXNativeTarget;
			buildConfigurationList = 843AD0A914AB0CDE00CD54CA /* Build configuration list for PBXNativeTarget "WeatherSharing" */;
			buildPhases = (
				843AD07B14AB0CDE00CD54CA /* Sources */,
				843AD07C14AB0CDE00CD54CA /* Frameworks */,
				843AD07D14AB0CDE00CD54CA /* Resources */,
			);
			buildRules = (
			);
			dependencies = (
			);
			name = WeatherSharing;
			productName = finaltest2;
			productReference = 843AD07F14AB0CDE00CD54CA /* UserWeather.app */;
			productType = "com.apple.product-type.application";
		};
/* End PBXNativeTarget section */

/* Begin PBXProject section */
		843AD07614AB0CDE00CD54CA /* Project object */ = {
			isa = PBXProject;
			attributes = {
				LastUpgradeCheck = 0420;
			};
			buildConfigurationList = 843AD07914AB0CDE00CD54CA /* Build configuration list for PBXProject "WeatherSharing" */;
			compatibilityVersion = "Xcode 3.2";
			developmentRegion = English;
			hasScannedForEncodings = 0;
			knownRegions = (
				en,
			);
			mainGroup = 843AD07414AB0CDE00CD54CA;
			productRefGroup = 843AD08014AB0CDE00CD54CA /* Products */;
			projectDirPath = "";
			projectRoot = "";
			targets = (
				843AD07E14AB0CDE00CD54CA /* WeatherSharing */,
			);
		};
/* End PBXProject section */

/* Begin PBXResourcesBuildPhase section */
		843AD07D14AB0CDE00CD54CA /* Resources */ = {
			isa = PBXResourcesBuildPhase;
			buildActionMask = 2147483647;
			files = (
				843AD08E14AB0CDE00CD54CA /* InfoPlist.strings in Resources */,
				843AD09D14AB0CDE00CD54CA /* MasterViewController_iPhone.xib in Resources */,
				843AD0A014AB0CDE00CD54CA /* MasterViewController_iPad.xib in Resources */,
				843AD0A314AB0CDE00CD54CA /* DetailViewController_iPhone.xib in Resources */,
				843AD0A614AB0CDE00CD54CA /* DetailViewController_iPad.xib in Resources */,
				BFDAB76E14AED753009BDCAC /* abc_blocks.png in Resources */,
				BFDAB76F14AED753009BDCAC /* apple_ex.png in Resources */,
				BFDAB77014AED753009BDCAC /* pic123.png in Resources */,
			);
			runOnlyForDeploymentPostprocessing = 0;
		};
/* End PBXResourcesBuildPhase section */

/* Begin PBXSourcesBuildPhase section */
		843AD07B14AB0CDE00CD54CA /* Sources */ = {
			isa = PBXSourcesBuildPhase;
			buildActionMask = 2147483647;
			files = (
				843AD09014AB0CDE00CD54CA /* main.m in Sources */,
				843AD09414AB0CDE00CD54CA /* AppDelegate.m in Sources */,
				843AD09714AB0CDE00CD54CA /* MasterViewController.m in Sources */,
				843AD09A14AB0CDE00CD54CA /* DetailViewController.m in Sources */,
				BFDAB77314AED961009BDCAC /* Annotation.m in Sources */,
				BFDAB77614AF07B9009BDCAC /* JSONKit.m in Sources */,
				BFDAB77914AF0DD4009BDCAC /* UrlFetcher.m in Sources */,
				BFDAB83214AF19E0009BDCAC /* ASIAuthenticationDialog.m in Sources */,
				BFDAB83314AF19E0009BDCAC /* ASIDataCompressor.m in Sources */,
				BFDAB83414AF19E0009BDCAC /* ASIDataDecompressor.m in Sources */,
				BFDAB83514AF19E0009BDCAC /* ASIDownloadCache.m in Sources */,
				BFDAB83614AF19E0009BDCAC /* ASIFormDataRequest.m in Sources */,
				BFDAB83714AF19E0009BDCAC /* ASIHTTPRequest.m in Sources */,
				BFDAB83814AF19E0009BDCAC /* ASIInputStream.m in Sources */,
				BFDAB83914AF19E0009BDCAC /* ASINetworkQueue.m in Sources */,
				BFDAB84C14AF655D009BDCAC /* Reachability.m in Sources */,
				BFDAB84D14AF655D009BDCAC /* ReachabilityAppDelegate.m in Sources */,
				8411FC4B14B0494800A1396B /* LocationInfo.m in Sources */,
			);
			runOnlyForDeploymentPostprocessing = 0;
		};
/* End PBXSourcesBuildPhase section */

/* Begin PBXVariantGroup section */
		843AD08C14AB0CDE00CD54CA /* InfoPlist.strings */ = {
			isa = PBXVariantGroup;
			children = (
				843AD08D14AB0CDE00CD54CA /* en */,
			);
			name = InfoPlist.strings;
			sourceTree = "<group>";
		};
		843AD09B14AB0CDE00CD54CA /* MasterViewController_iPhone.xib */ = {
			isa = PBXVariantGroup;
			children = (
				843AD09C14AB0CDE00CD54CA /* en */,
			);
			name = MasterViewController_iPhone.xib;
			sourceTree = "<group>";
		};
		843AD09E14AB0CDE00CD54CA /* MasterViewController_iPad.xib */ = {
			isa = PBXVariantGroup;
			children = (
				843AD09F14AB0CDE00CD54CA /* en */,
			);
			name = MasterViewController_iPad.xib;
			sourceTree = "<group>";
		};
		843AD0A114AB0CDE00CD54CA /* DetailViewController_iPhone.xib */ = {
			isa = PBXVariantGroup;
			children = (
				843AD0A214AB0CDE00CD54CA /* en */,
			);
			name = DetailViewController_iPhone.xib;
			sourceTree = "<group>";
		};
		843AD0A414AB0CDE00CD54CA /* DetailViewController_iPad.xib */ = {
			isa = PBXVariantGroup;
			children = (
				843AD0A514AB0CDE00CD54CA /* en */,
			);
			name = DetailViewController_iPad.xib;
			sourceTree = "<group>";
		};
/* End PBXVariantGroup section */

/* Begin XCBuildConfiguration section */
		843AD0A714AB0CDE00CD54CA /* Debug */ = {
			isa = XCBuildConfiguration;
			buildSettings = {
				ALWAYS_SEARCH_USER_PATHS = NO;
				ARCHS = "$(ARCHS_STANDARD_32_BIT)";
				"CODE_SIGN_IDENTITY[sdk=iphoneos*]" = "iPhone Developer";
				COPY_PHASE_STRIP = NO;
				GCC_C_LANGUAGE_STANDARD = gnu99;
				GCC_DYNAMIC_NO_PIC = NO;
				GCC_OPTIMIZATION_LEVEL = 0;
				GCC_PREPROCESSOR_DEFINITIONS = (
					"DEBUG=1",
					"$(inherited)",
				);
				GCC_SYMBOLS_PRIVATE_EXTERN = NO;
				GCC_VERSION = com.apple.compilers.llvm.clang.1_0;
				GCC_WARN_ABOUT_MISSING_PROTOTYPES = YES;
				GCC_WARN_ABOUT_RETURN_TYPE = YES;
				GCC_WARN_UNUSED_VARIABLE = YES;
				IPHONEOS_DEPLOYMENT_TARGET = 5.0;
				SDKROOT = iphoneos;
				TARGETED_DEVICE_FAMILY = "1,2";
			};
			name = Debug;
		};
		843AD0A814AB0CDE00CD54CA /* Release */ = {
			isa = XCBuildConfiguration;
			buildSettings = {
				ALWAYS_SEARCH_USER_PATHS = NO;
				ARCHS = "$(ARCHS_STANDARD_32_BIT)";
				"CODE_SIGN_IDENTITY[sdk=iphoneos*]" = "iPhone Developer";
				COPY_PHASE_STRIP = YES;
				GCC_C_LANGUAGE_STANDARD = gnu99;
				GCC_VERSION = com.apple.compilers.llvm.clang.1_0;
				GCC_WARN_ABOUT_MISSING_PROTOTYPES = YES;
				GCC_WARN_ABOUT_RETURN_TYPE = YES;
				GCC_WARN_UNUSED_VARIABLE = YES;
				IPHONEOS_DEPLOYMENT_TARGET = 5.0;
				OTHER_CFLAGS = "-DNS_BLOCK_ASSERTIONS=1";
				SDKROOT = iphoneos;
				TARGETED_DEVICE_FAMILY = "1,2";
				VALIDATE_PRODUCT = YES;
			};
			name = Release;
		};
		843AD0AA14AB0CDE00CD54CA /* Debug */ = {
			isa = XCBuildConfiguration;
			buildSettings = {
				FRAMEWORK_SEARCH_PATHS = (
					"$(inherited)",
					"\"$(SRCROOT)/../iOS\"",
				);
				GCC_PRECOMPILE_PREFIX_HEADER = YES;
				GCC_PREFIX_HEADER = "finaltest2/WeatherSharing-Prefix.pch";
				HEADER_SEARCH_PATHS = /usr/include/libxml2;
				INFOPLIST_FILE = "finaltest2/WeatherSharing-Info.plist";
				ONLY_ACTIVE_ARCH = YES;
				OTHER_LDFLAGS = /usr/lib/libz.dylib;
				PRODUCT_NAME = UserWeather;
				WRAPPER_EXTENSION = app;
			};
			name = Debug;
		};
		843AD0AB14AB0CDE00CD54CA /* Release */ = {
			isa = XCBuildConfiguration;
			buildSettings = {
				FRAMEWORK_SEARCH_PATHS = (
					"$(inherited)",
					"\"$(SRCROOT)/../iOS\"",
				);
				GCC_PRECOMPILE_PREFIX_HEADER = YES;
				GCC_PREFIX_HEADER = "finaltest2/WeatherSharing-Prefix.pch";
				HEADER_SEARCH_PATHS = /usr/include/libxml2;
				INFOPLIST_FILE = "finaltest2/WeatherSharing-Info.plist";
				ONLY_ACTIVE_ARCH = YES;
				OTHER_LDFLAGS = /usr/lib/libz.dylib;
				PRODUCT_NAME = UserWeather;
				WRAPPER_EXTENSION = app;
			};
			name = Release;
		};
/* End XCBuildConfiguration section */

/* Begin XCConfigurationList section */
		843AD07914AB0CDE00CD54CA /* Build configuration list for PBXProject "WeatherSharing" */ = {
			isa = XCConfigurationList;
			buildConfigurations = (
				843AD0A714AB0CDE00CD54CA /* Debug */,
				843AD0A814AB0CDE00CD54CA /* Release */,
			);
			defaultConfigurationIsVisible = 0;
			defaultConfigurationName = Release;
		};
		843AD0A914AB0CDE00CD54CA /* Build configuration list for PBXNativeTarget "WeatherSharing" */ = {
			isa = XCConfigurationList;
			buildConfigurations = (
				843AD0AA14AB0CDE00CD54CA /* Debug */,
				843AD0AB14AB0CDE00CD54CA /* Release */,
			);
			defaultConfigurationIsVisible = 0;
			defaultConfigurationName = Release;
		};
/* End XCConfigurationList section */
	};
	rootObject = 843AD07614AB0CDE00CD54CA /* Project object */;
}
